
Microsoft Visual Studio Solution File, Format Version 12.00
# Visual Studio Version 16
VisualStudioVersion = 16.0.31205.134
MinimumVisualStudioVersion = 10.0.40219.1
Project("{FAE04EC0-301F-11D3-BF4B-00C04F79EFBC}") = "BlazorServer", "BlazorServer.csproj", "{C0CC8B62-969C-4A85-89B4-DDDE14C1A421}"
EndProject
Global
	GlobalSection(SolutionConfigurationPlatforms) = preSolution
		Debug|Any CPU = Debug|Any CPU
		Release|Any CPU = Release|Any CPU
	EndGlobalSection
	GlobalSection(ProjectConfigurationPlatforms) = postSolution
		{C0CC8B62-969C-4A85-89B4-DDDE14C1A421}.Debug|Any CPU.ActiveCfg = Debug|Any CPU
		{C0CC8B62-969C-4A85-89B4-DDDE14C1A421}.Debug|Any CPU.Build.0 = Debug|Any CPU
		{C0CC8B62-969C-4A85-89B4-DDDE14C1A421}.Release|Any CPU.ActiveCfg = Release|Any CPU
		{C0CC8B62-969C-4A85-89B4-DDDE14C1A421}.Release|Any CPU.Build.0 = Release|Any CPU
	EndGlobalSection
	GlobalSection(SolutionProperties) = preSolution
		HideSolutionNode = FALSE
	EndGlobalSection
	GlobalSection(ExtensibilityGlobals) = postSolution
		SolutionGuid = {79AABD50-6A3C-4F15-9EFD-7DF306BF5941}
	EndGlobalSection
EndGlobal
